// !$*UTF8*$!
{
	archiveVersion = 1;
	classes = {
	};
	objectVersion = 56;
	objects = {

/* Begin PBXBuildFile section */
		C2761DDA2A3B9A570004B904 /* AppDelegate.swift in Sources */ = {isa = PBXBuildFile; fileRef = C2761DD92A3B9A570004B904 /* AppDelegate.swift */; };
		C2761DDC2A3B9A570004B904 /* SceneDelegate.swift in Sources */ = {isa = PBXBuildFile; fileRef = C2761DDB2A3B9A570004B904 /* SceneDelegate.swift */; };
		C2761DE12A3B9A570004B904 /* Main.storyboard in Resources */ = {isa = PBXBuildFile; fileRef = C2761DDF2A3B9A570004B904 /* Main.storyboard */; };
		C2761DE32A3B9A580004B904 /* Assets.xcassets in Resources */ = {isa = PBXBuildFile; fileRef = C2761DE22A3B9A580004B904 /* Assets.xcassets */; };
		C2761DE62A3B9A580004B904 /* LaunchScreen.storyboard in Resources */ = {isa = PBXBuildFile; fileRef = C2761DE42A3B9A580004B904 /* LaunchScreen.storyboard */; };
		C2761DF22A3BACBA0004B904 /* OrdersViewController.swift in Sources */ = {isa = PBXBuildFile; fileRef = C2761DF12A3BACBA0004B904 /* OrdersViewController.swift */; };
		C2761DF52A3BAD660004B904 /* OrdersTableViewCell.swift in Sources */ = {isa = PBXBuildFile; fileRef = C2761DF42A3BAD660004B904 /* OrdersTableViewCell.swift */; };
		C2761DF92A3BB1400004B904 /* Add New Order.storyboard in Resources */ = {isa = PBXBuildFile; fileRef = C2761DF82A3BB1400004B904 /* Add New Order.storyboard */; };
		C2761DFB2A3BB31B0004B904 /* AddNewOrderViewController.swift in Sources */ = {isa = PBXBuildFile; fileRef = C2761DFA2A3BB31B0004B904 /* AddNewOrderViewController.swift */; };
		C2761DFE2A3BB3970004B904 /* Profile.storyboard in Resources */ = {isa = PBXBuildFile; fileRef = C2761DFD2A3BB3970004B904 /* Profile.storyboard */; };
		C2761E002A3BB3C80004B904 /* ProfileViewController.swift in Sources */ = {isa = PBXBuildFile; fileRef = C2761DFF2A3BB3C80004B904 /* ProfileViewController.swift */; };
/* End PBXBuildFile section */

/* Begin PBXFileReference section */
		C2761DD62A3B9A570004B904 /* Package_Tracker Shippo.app */ = {isa = PBXFileReference; explicitFileType = wrapper.application; includeInIndex = 0; path = "Package_Tracker Shippo.app"; sourceTree = BUILT_PRODUCTS_DIR; };
		C2761DD92A3B9A570004B904 /* AppDelegate.swift */ = {isa = PBXFileReference; lastKnownFileType = sourcecode.swift; path = AppDelegate.swift; sourceTree = "<group>"; };
		C2761DDB2A3B9A570004B904 /* SceneDelegate.swift */ = {isa = PBXFileReference; lastKnownFileType = sourcecode.swift; path = SceneDelegate.swift; sourceTree = "<group>"; };
		C2761DE02A3B9A570004B904 /* Base */ = {isa = PBXFileReference; lastKnownFileType = file.storyboard; name = Base; path = Base.lproj/Main.storyboard; sourceTree = "<group>"; };
		C2761DE22A3B9A580004B904 /* Assets.xcassets */ = {isa = PBXFileReference; lastKnownFileType = folder.assetcatalog; path = Assets.xcassets; sourceTree = "<group>"; };
		C2761DE52A3B9A580004B904 /* Base */ = {isa = PBXFileReference; lastKnownFileType = file.storyboard; name = Base; path = Base.lproj/LaunchScreen.storyboard; sourceTree = "<group>"; };
		C2761DE72A3B9A580004B904 /* Info.plist */ = {isa = PBXFileReference; lastKnownFileType = text.plist.xml; path = Info.plist; sourceTree = "<group>"; };
		C2761DF12A3BACBA0004B904 /* OrdersViewController.swift */ = {isa = PBXFileReference; lastKnownFileType = sourcecode.swift; path = OrdersViewController.swift; sourceTree = "<group>"; };
		C2761DF42A3BAD660004B904 /* OrdersTableViewCell.swift */ = {isa = PBXFileReference; lastKnownFileType = sourcecode.swift; path = OrdersTableViewCell.swift; sourceTree = "<group>"; };
		C2761DF82A3BB1400004B904 /* Add New Order.storyboard */ = {isa = PBXFileReference; lastKnownFileType = file.storyboard; path = "Add New Order.storyboard"; sourceTree = "<group>"; };
		C2761DFA2A3BB31B0004B904 /* AddNewOrderViewController.swift */ = {isa = PBXFileReference; lastKnownFileType = sourcecode.swift; path = AddNewOrderViewController.swift; sourceTree = "<group>"; };
		C2761DFD2A3BB3970004B904 /* Profile.storyboard */ = {isa = PBXFileReference; lastKnownFileType = file.storyboard; path = Profile.storyboard; sourceTree = "<group>"; };
		C2761DFF2A3BB3C80004B904 /* ProfileViewController.swift */ = {isa = PBXFileReference; lastKnownFileType = sourcecode.swift; path = ProfileViewController.swift; sourceTree = "<group>"; };
/* End PBXFileReference section */

/* Begin PBXFrameworksBuildPhase section */
		C2761DD32A3B9A570004B904 /* Frameworks */ = {
			isa = PBXFrameworksBuildPhase;
			buildActionMask = 2147483647;
			files = (
			);
			runOnlyForDeploymentPostprocessing = 0;
		};
/* End PBXFrameworksBuildPhase section */

/* Begin PBXGroup section */
		C2761DCD2A3B9A570004B904 = {
			isa = PBXGroup;
			children = (
				C2761DD82A3B9A570004B904 /* Package_Tracker Shippo */,
				C2761DD72A3B9A570004B904 /* Products */,
			);
			sourceTree = "<group>";
		};
		C2761DD72A3B9A570004B904 /* Products */ = {
			isa = PBXGroup;
			children = (
				C2761DD62A3B9A570004B904 /* Package_Tracker Shippo.app */,
			);
			name = Products;
			sourceTree = "<group>";
		};
		C2761DD82A3B9A570004B904 /* Package_Tracker Shippo */ = {
			isa = PBXGroup;
			children = (
				C2761DF32A3BAD010004B904 /* Networking */,
				C2761DF72A3BB12A0004B904 /* Main */,
				C2761DED2A3B9A700004B904 /* Resources */,
			);
			path = "Package_Tracker Shippo";
			sourceTree = "<group>";
		};
		C2761DED2A3B9A700004B904 /* Resources */ = {
			isa = PBXGroup;
			children = (
				C2761DD92A3B9A570004B904 /* AppDelegate.swift */,
				C2761DDB2A3B9A570004B904 /* SceneDelegate.swift */,
				C2761DE22A3B9A580004B904 /* Assets.xcassets */,
				C2761DE42A3B9A580004B904 /* LaunchScreen.storyboard */,
				C2761DE72A3B9A580004B904 /* Info.plist */,
			);
			path = Resources;
			sourceTree = "<group>";
		};
		C2761DF02A3BAC790004B904 /* Orders */ = {
			isa = PBXGroup;
			children = (
				C2761DDF2A3B9A570004B904 /* Main.storyboard */,
				C2761DF12A3BACBA0004B904 /* OrdersViewController.swift */,
				C2761DF42A3BAD660004B904 /* OrdersTableViewCell.swift */,
			);
			path = Orders;
			sourceTree = "<group>";
		};
		C2761DF32A3BAD010004B904 /* Networking */ = {
			isa = PBXGroup;
			children = (
			);
			path = Networking;
			sourceTree = "<group>";
		};
		C2761DF62A3BB10E0004B904 /* Add Order */ = {
			isa = PBXGroup;
			children = (
				C2761DF82A3BB1400004B904 /* Add New Order.storyboard */,
				C2761DFA2A3BB31B0004B904 /* AddNewOrderViewController.swift */,
			);
			path = "Add Order";
			sourceTree = "<group>";
		};
		C2761DF72A3BB12A0004B904 /* Main */ = {
			isa = PBXGroup;
			children = (
				C2761DF02A3BAC790004B904 /* Orders */,
				C2761DF62A3BB10E0004B904 /* Add Order */,
				C2761DFC2A3BB3690004B904 /* Profile */,
			);
			path = Main;
			sourceTree = "<group>";
		};
		C2761DFC2A3BB3690004B904 /* Profile */ = {
			isa = PBXGroup;
			children = (
				C2761DFD2A3BB3970004B904 /* Profile.storyboard */,
				C2761DFF2A3BB3C80004B904 /* ProfileViewController.swift */,
			);
			path = Profile;
			sourceTree = "<group>";
		};
/* End PBXGroup section */

/* Begin PBXNativeTarget section */
		C2761DD52A3B9A570004B904 /* Package_Tracker Shippo */ = {
			isa = PBXNativeTarget;
			buildConfigurationList = C2761DEA2A3B9A580004B904 /* Build configuration list for PBXNativeTarget "Package_Tracker Shippo" */;
			buildPhases = (
				C2761DD22A3B9A570004B904 /* Sources */,
				C2761DD32A3B9A570004B904 /* Frameworks */,
				C2761DD42A3B9A570004B904 /* Resources */,
			);
			buildRules = (
			);
			dependencies = (
			);
			name = "Package_Tracker Shippo";
			productName = "Package_Tracker Shippo";
			productReference = C2761DD62A3B9A570004B904 /* Package_Tracker Shippo.app */;
			productType = "com.apple.product-type.application";
		};
/* End PBXNativeTarget section */

/* Begin PBXProject section */
		C2761DCE2A3B9A570004B904 /* Project object */ = {
			isa = PBXProject;
			attributes = {
				BuildIndependentTargetsInParallel = 1;
				LastSwiftUpdateCheck = 1420;
				LastUpgradeCheck = 1420;
				TargetAttributes = {
					C2761DD52A3B9A570004B904 = {
						CreatedOnToolsVersion = 14.2;
					};
				};
			};
			buildConfigurationList = C2761DD12A3B9A570004B904 /* Build configuration list for PBXProject "Package_Tracker Shippo" */;
			compatibilityVersion = "Xcode 14.0";
			developmentRegion = en;
			hasScannedForEncodings = 0;
			knownRegions = (
				en,
				Base,
			);
			mainGroup = C2761DCD2A3B9A570004B904;
			productRefGroup = C2761DD72A3B9A570004B904 /* Products */;
			projectDirPath = "";
			projectRoot = "";
			targets = (
				C2761DD52A3B9A570004B904 /* Package_Tracker Shippo */,
			);
		};
/* End PBXProject section */

/* Begin PBXResourcesBuildPhase section */
		C2761DD42A3B9A570004B904 /* Resources */ = {
			isa = PBXResourcesBuildPhase;
			buildActionMask = 2147483647;
			files = (
				C2761DE62A3B9A580004B904 /* LaunchScreen.storyboard in Resources */,
				C2761DE32A3B9A580004B904 /* Assets.xcassets in Resources */,
				C2761DFE2A3BB3970004B904 /* Profile.storyboard in Resources */,
				C2761DF92A3BB1400004B904 /* Add New Order.storyboard in Resources */,
				C2761DE12A3B9A570004B904 /* Main.storyboard in Resources */,
			);
			runOnlyForDeploymentPostprocessing = 0;
		};
/* End PBXResourcesBuildPhase section */

/* Begin PBXSourcesBuildPhase section */
		C2761DD22A3B9A570004B904 /* Sources */ = {
			isa = PBXSourcesBuildPhase;
			buildActionMask = 2147483647;
			files = (
				C2761E002A3BB3C80004B904 /* ProfileViewController.swift in Sources */,
				C2761DDA2A3B9A570004B904 /* AppDelegate.swift in Sources */,
				C2761DF22A3BACBA0004B904 /* OrdersViewController.swift in Sources */,
				C2761DF52A3BAD660004B904 /* OrdersTableViewCell.swift in Sources */,
				C2761DFB2A3BB31B0004B904 /* AddNewOrderViewController.swift in Sources */,
				C2761DDC2A3B9A570004B904 /* SceneDelegate.swift in Sources */,
			);
			runOnlyForDeploymentPostprocessing = 0;
		};
/* End PBXSourcesBuildPhase section */

/* Begin PBXVariantGroup section */
		C2761DDF2A3B9A570004B904 /* Main.storyboard */ = {
			isa = PBXVariantGroup;
			children = (
				C2761DE02A3B9A570004B904 /* Base */,
			);
			name = Main.storyboard;
			sourceTree = "<group>";
		};
		C2761DE42A3B9A580004B904 /* LaunchScreen.storyboard */ = {
			isa = PBXVariantGroup;
			children = (
				C2761DE52A3B9A580004B904 /* Base */,
			);
			name = LaunchScreen.storyboard;
			sourceTree = "<group>";
		};
/* End PBXVariantGroup section */

/* Begin XCBuildConfiguration section */
		C2761DE82A3B9A580004B904 /* Debug */ = {
			isa = XCBuildConfiguration;
			buildSettings = {
				ALWAYS_SEARCH_USER_PATHS = NO;
				CLANG_ANALYZER_NONNULL = YES;
				CLANG_ANALYZER_NUMBER_OBJECT_CONVERSION = YES_AGGRESSIVE;
				CLANG_CXX_LANGUAGE_STANDARD = "gnu++20";
				CLANG_ENABLE_MODULES = YES;
				CLANG_ENABLE_OBJC_ARC = YES;
				CLANG_ENABLE_OBJC_WEAK = YES;
				CLANG_WARN_BLOCK_CAPTURE_AUTORELEASING = YES;
				CLANG_WARN_BOOL_CONVERSION = YES;
				CLANG_WARN_COMMA = YES;
				CLANG_WARN_CONSTANT_CONVERSION = YES;
				CLANG_WARN_DEPRECATED_OBJC_IMPLEMENTATIONS = YES;
				CLANG_WARN_DIRECT_OBJC_ISA_USAGE = YES_ERROR;
				CLANG_WARN_DOCUMENTATION_COMMENTS = YES;
				CLANG_WARN_EMPTY_BODY = YES;
				CLANG_WARN_ENUM_CONVERSION = YES;
				CLANG_WARN_INFINITE_RECURSION = YES;
				CLANG_WARN_INT_CONVERSION = YES;
				CLANG_WARN_NON_LITERAL_NULL_CONVERSION = YES;
				CLANG_WARN_OBJC_IMPLICIT_RETAIN_SELF = YES;
				CLANG_WARN_OBJC_LITERAL_CONVERSION = YES;
				CLANG_WARN_OBJC_ROOT_CLASS = YES_ERROR;
				CLANG_WARN_QUOTED_INCLUDE_IN_FRAMEWORK_HEADER = YES;
				CLANG_WARN_RANGE_LOOP_ANALYSIS = YES;
				CLANG_WARN_STRICT_PROTOTYPES = YES;
				CLANG_WARN_SUSPICIOUS_MOVE = YES;
				CLANG_WARN_UNGUARDED_AVAILABILITY = YES_AGGRESSIVE;
				CLANG_WARN_UNREACHABLE_CODE = YES;
				CLANG_WARN__DUPLICATE_METHOD_MATCH = YES;
				COPY_PHASE_STRIP = NO;
				DEBUG_INFORMATION_FORMAT = dwarf;
				ENABLE_STRICT_OBJC_MSGSEND = YES;
				ENABLE_TESTABILITY = YES;
				GCC_C_LANGUAGE_STANDARD = gnu11;
				GCC_DYNAMIC_NO_PIC = NO;
				GCC_NO_COMMON_BLOCKS = YES;
				GCC_OPTIMIZATION_LEVEL = 0;
				GCC_PREPROCESSOR_DEFINITIONS = (
					"DEBUG=1",
					"$(inherited)",
				);
				GCC_WARN_64_TO_32_BIT_CONVERSION = YES;
				GCC_WARN_ABOUT_RETURN_TYPE = YES_ERROR;
				GCC_WARN_UNDECLARED_SELECTOR = YES;
				GCC_WARN_UNINITIALIZED_AUTOS = YES_AGGRESSIVE;
				GCC_WARN_UNUSED_FUNCTION = YES;
				GCC_WARN_UNUSED_VARIABLE = YES;
				IPHONEOS_DEPLOYMENT_TARGET = 16.2;
				MTL_ENABLE_DEBUG_INFO = INCLUDE_SOURCE;
				MTL_FAST_MATH = YES;
				ONLY_ACTIVE_ARCH = YES;
				SDKROOT = iphoneos;
				SWIFT_ACTIVE_COMPILATION_CONDITIONS = DEBUG;
				SWIFT_OPTIMIZATION_LEVEL = "-Onone";
			};
			name = Debug;
		};
		C2761DE92A3B9A580004B904 /* Release */ = {
			isa = XCBuildConfiguration;
			buildSettings = {
				ALWAYS_SEARCH_USER_PATHS = NO;
				CLANG_ANALYZER_NONNULL = YES;
				CLANG_ANALYZER_NUMBER_OBJECT_CONVERSION = YES_AGGRESSIVE;
				CLANG_CXX_LANGUAGE_STANDARD = "gnu++20";
				CLANG_ENABLE_MODULES = YES;
				CLANG_ENABLE_OBJC_ARC = YES;
				CLANG_ENABLE_OBJC_WEAK = YES;
				CLANG_WARN_BLOCK_CAPTURE_AUTORELEASING = YES;
				CLANG_WARN_BOOL_CONVERSION = YES;
				CLANG_WARN_COMMA = YES;
				CLANG_WARN_CONSTANT_CONVERSION = YES;
				CLANG_WARN_DEPRECATED_OBJC_IMPLEMENTATIONS = YES;
				CLANG_WARN_DIRECT_OBJC_ISA_USAGE = YES_ERROR;
				CLANG_WARN_DOCUMENTATION_COMMENTS = YES;
				CLANG_WARN_EMPTY_BODY = YES;
				CLANG_WARN_ENUM_CONVERSION = YES;
				CLANG_WARN_INFINITE_RECURSION = YES;
				CLANG_WARN_INT_CONVERSION = YES;
				CLANG_WARN_NON_LITERAL_NULL_CONVERSION = YES;
				CLANG_WARN_OBJC_IMPLICIT_RETAIN_SELF = YES;
				CLANG_WARN_OBJC_LITERAL_CONVERSION = YES;
				CLANG_WARN_OBJC_ROOT_CLASS = YES_ERROR;
				CLANG_WARN_QUOTED_INCLUDE_IN_FRAMEWORK_HEADER = YES;
				CLANG_WARN_RANGE_LOOP_ANALYSIS = YES;
				CLANG_WARN_STRICT_PROTOTYPES = YES;
				CLANG_WARN_SUSPICIOUS_MOVE = YES;
				CLANG_WARN_UNGUARDED_AVAILABILITY = YES_AGGRESSIVE;
				CLANG_WARN_UNREACHABLE_CODE = YES;
				CLANG_WARN__DUPLICATE_METHOD_MATCH = YES;
				COPY_PHASE_STRIP = NO;
				DEBUG_INFORMATION_FORMAT = "dwarf-with-dsym";
				ENABLE_NS_ASSERTIONS = NO;
				ENABLE_STRICT_OBJC_MSGSEND = YES;
				GCC_C_LANGUAGE_STANDARD = gnu11;
				GCC_NO_COMMON_BLOCKS = YES;
				GCC_WARN_64_TO_32_BIT_CONVERSION = YES;
				GCC_WARN_ABOUT_RETURN_TYPE = YES_ERROR;
				GCC_WARN_UNDECLARED_SELECTOR = YES;
				GCC_WARN_UNINITIALIZED_AUTOS = YES_AGGRESSIVE;
				GCC_WARN_UNUSED_FUNCTION = YES;
				GCC_WARN_UNUSED_VARIABLE = YES;
				IPHONEOS_DEPLOYMENT_TARGET = 16.2;
				MTL_ENABLE_DEBUG_INFO = NO;
				MTL_FAST_MATH = YES;
				SDKROOT = iphoneos;
				SWIFT_COMPILATION_MODE = wholemodule;
				SWIFT_OPTIMIZATION_LEVEL = "-O";
				VALIDATE_PRODUCT = YES;
			};
			name = Release;
		};
		C2761DEB2A3B9A580004B904 /* Debug */ = {
			isa = XCBuildConfiguration;
			buildSettings = {
				ASSETCATALOG_COMPILER_APPICON_NAME = AppIcon;
				ASSETCATALOG_COMPILER_GLOBAL_ACCENT_COLOR_NAME = AccentColor;
				CODE_SIGN_STYLE = Automatic;
				CURRENT_PROJECT_VERSION = 1;
				DEVELOPMENT_TEAM = 9DXP3CGV77;
				GENERATE_INFOPLIST_FILE = YES;
				INFOPLIST_FILE = "Package_Tracker Shippo/Resources/Info.plist";
				INFOPLIST_KEY_UIApplicationSupportsIndirectInputEvents = YES;
				INFOPLIST_KEY_UILaunchStoryboardName = LaunchScreen;
				INFOPLIST_KEY_UIMainStoryboardFile = Main;
				INFOPLIST_KEY_UISupportedInterfaceOrientations_iPad = "UIInterfaceOrientationPortrait UIInterfaceOrientationPortraitUpsideDown UIInterfaceOrientationLandscapeLeft UIInterfaceOrientationLandscapeRight";
				INFOPLIST_KEY_UISupportedInterfaceOrientations_iPhone = "UIInterfaceOrientationPortrait UIInterfaceOrientationLandscapeLeft UIInterfaceOrientationLandscapeRight";
				LD_RUNPATH_SEARCH_PATHS = (
					"$(inherited)",
					"@executable_path/Frameworks",
				);
				MARKETING_VERSION = 1.0;
				PRODUCT_BUNDLE_IDENTIFIER = "com.adamsmith.Package-Tracker-Shippo";
				PRODUCT_NAME = "$(TARGET_NAME)";
				SWIFT_EMIT_LOC_STRINGS = YES;
				SWIFT_VERSION = 5.0;
				TARGETED_DEVICE_FAMILY = "1,2";
			};
			name = Debug;
		};
		C2761DEC2A3B9A580004B904 /* Release */ = {
			isa = XCBuildConfiguration;
			buildSettings = {
				ASSETCATALOG_COMPILER_APPICON_NAME = AppIcon;
				ASSETCATALOG_COMPILER_GLOBAL_ACCENT_COLOR_NAME = AccentColor;
				CODE_SIGN_STYLE = Automatic;
				CURRENT_PROJECT_VERSION = 1;
				DEVELOPMENT_TEAM = 9DXP3CGV77;
				GENERATE_INFOPLIST_FILE = YES;
				INFOPLIST_FILE = "Package_Tracker Shippo/Resources/Info.plist";
				INFOPLIST_KEY_UIApplicationSupportsIndirectInputEvents = YES;
				INFOPLIST_KEY_UILaunchStoryboardName = LaunchScreen;
				INFOPLIST_KEY_UIMainStoryboardFile = Main;
				INFOPLIST_KEY_UISupportedInterfaceOrientations_iPad = "UIInterfaceOrientationPortrait UIInterfaceOrientationPortraitUpsideDown UIInterfaceOrientationLandscapeLeft UIInterfaceOrientationLandscapeRight";
				INFOPLIST_KEY_UISupportedInterfaceOrientations_iPhone = "UIInterfaceOrientationPortrait UIInterfaceOrientationLandscapeLeft UIInterfaceOrientationLandscapeRight";
				LD_RUNPATH_SEARCH_PATHS = (
					"$(inherited)",
					"@executable_path/Frameworks",
				);
				MARKETING_VERSION = 1.0;
				PRODUCT_BUNDLE_IDENTIFIER = "com.adamsmith.Package-Tracker-Shippo";
				PRODUCT_NAME = "$(TARGET_NAME)";
				SWIFT_EMIT_LOC_STRINGS = YES;
				SWIFT_VERSION = 5.0;
				TARGETED_DEVICE_FAMILY = "1,2";
			};
			name = Release;
		};
/* End XCBuildConfiguration section */

/* Begin XCConfigurationList section */
		C2761DD12A3B9A570004B904 /* Build configuration list for PBXProject "Package_Tracker Shippo" */ = {
			isa = XCConfigurationList;
			buildConfigurations = (
				C2761DE82A3B9A580004B904 /* Debug */,
				C2761DE92A3B9A580004B904 /* Release */,
			);
			defaultConfigurationIsVisible = 0;
			defaultConfigurationName = Release;
		};
		C2761DEA2A3B9A580004B904 /* Build configuration list for PBXNativeTarget "Package_Tracker Shippo" */ = {
			isa = XCConfigurationList;
			buildConfigurations = (
				C2761DEB2A3B9A580004B904 /* Debug */,
				C2761DEC2A3B9A580004B904 /* Release */,
			);
			defaultConfigurationIsVisible = 0;
			defaultConfigurationName = Release;
		};
/* End XCConfigurationList section */
	};
	rootObject = C2761DCE2A3B9A570004B904 /* Project object */;
}
